github.com/SENERGY-Platform/analytics-pipeline/lib v0.0.0-20251021095503-e4fc32dc684d h1:S0HJY/JPex4/2lZFcDKB5TZoMWZSYpO/RNb4klZThPs=
github.com/SENERGY-Platform/analytics-pipeline/lib v0.0.0-20251021095503-e4fc32dc684d/go.mod h1:BN4oIwsTK4InYwgczhP+V3OJJlXt+ilcaJ2/UYzs51w=
github.com/google/uuid v1.6.0 h1:NIvaJDMOsjHA8n1jAhLSgzrAzy1Hgr+hNrb57e+94F0=
github.com/google/uuid v1.6.0/go.mod h1:TIyPZe4MgqvfeYDBFedMoGGpEw/LqOeaOT+nhxU+yHo=
